// !$*UTF8*$!
{
	archiveVersion = 1;
	classes = {
	};
	objectVersion = 56;
	objects = {

/* Begin PBXBuildFile section */
		5A01838B2B923D8C0086DB7B /* CardsForWords.swift in Sources */ = {isa = PBXBuildFile; fileRef = 5A01838A2B923D8C0086DB7B /* CardsForWords.swift */; };
		5A01838D2B92506C0086DB7B /* SignInPage.swift in Sources */ = {isa = PBXBuildFile; fileRef = 5A01838C2B92506C0086DB7B /* SignInPage.swift */; };
		5A0F438D2BCDB6440087B3CE /* LessonModuleViewModel.swift in Sources */ = {isa = PBXBuildFile; fileRef = 5A0F438C2BCDB6440087B3CE /* LessonModuleViewModel.swift */; };
		5A110ED02B8508500087AA9B /* LaunchScreen.swift in Sources */ = {isa = PBXBuildFile; fileRef = 5A110ECF2B8508500087AA9B /* LaunchScreen.swift */; };
		5A12D3A52BCDAE6C001BA71D /* LoaderView.swift in Sources */ = {isa = PBXBuildFile; fileRef = 5A12D3A42BCDAE6C001BA71D /* LoaderView.swift */; };
		5A2480E32B84C4F20018AA57 /* DaraApp.swift in Sources */ = {isa = PBXBuildFile; fileRef = 5A2480E22B84C4F20018AA57 /* DaraApp.swift */; };
		5A2480E52B84C4F20018AA57 /* ContentView.swift in Sources */ = {isa = PBXBuildFile; fileRef = 5A2480E42B84C4F20018AA57 /* ContentView.swift */; };
		5A2480E72B84C4F70018AA57 /* Assets.xcassets in Resources */ = {isa = PBXBuildFile; fileRef = 5A2480E62B84C4F70018AA57 /* Assets.xcassets */; };
		5A2480EA2B84C4F70018AA57 /* Preview Assets.xcassets in Resources */ = {isa = PBXBuildFile; fileRef = 5A2480E92B84C4F70018AA57 /* Preview Assets.xcassets */; };
		5A2480EC2B84C4F70018AA57 /* Persistence.swift in Sources */ = {isa = PBXBuildFile; fileRef = 5A2480EB2B84C4F70018AA57 /* Persistence.swift */; };
		5A2480EF2B84C4F70018AA57 /* Dara.xcdatamodeld in Sources */ = {isa = PBXBuildFile; fileRef = 5A2480ED2B84C4F70018AA57 /* Dara.xcdatamodeld */; };
		5A362E832BA5AFBD00A73E0B /* ProfilePage.swift in Sources */ = {isa = PBXBuildFile; fileRef = 5A362E822BA5AFBD00A73E0B /* ProfilePage.swift */; };
		5A362E862BA5B11B00A73E0B /* LessonView.swift in Sources */ = {isa = PBXBuildFile; fileRef = 5A362E852BA5B11B00A73E0B /* LessonView.swift */; };
		5A362E882BA5B17F00A73E0B /* AlphabeetPage.swift in Sources */ = {isa = PBXBuildFile; fileRef = 5A362E872BA5B17F00A73E0B /* AlphabeetPage.swift */; };
		5A5BDB992BE79C0F00465294 /* Alamofire in Frameworks */ = {isa = PBXBuildFile; productRef = 5A5BDB982BE79C0F00465294 /* Alamofire */; };
		5A5BDB9E2BE79C2000465294 /* SVGKit in Frameworks */ = {isa = PBXBuildFile; productRef = 5A5BDB9D2BE79C2000465294 /* SVGKit */; };
		5A5BDBA02BE79C2000465294 /* SVGKitSwift in Frameworks */ = {isa = PBXBuildFile; productRef = 5A5BDB9F2BE79C2000465294 /* SVGKitSwift */; };
		5A5BDBA32BE79C3000465294 /* SwiftfulRouting in Frameworks */ = {isa = PBXBuildFile; productRef = 5A5BDBA22BE79C3000465294 /* SwiftfulRouting */; };
		5A5BDBA72BE92D7300465294 /* success.mp3 in Resources */ = {isa = PBXBuildFile; fileRef = 5A5BDBA52BE92D7200465294 /* success.mp3 */; };
		5A6106C42B9DA78900956D3A /* MenuTabBar.swift in Sources */ = {isa = PBXBuildFile; fileRef = 5A6106C32B9DA78900956D3A /* MenuTabBar.swift */; };
		5A6106C62B9DC29600956D3A /* ChooseTimePage.swift in Sources */ = {isa = PBXBuildFile; fileRef = 5A6106C52B9DC29600956D3A /* ChooseTimePage.swift */; };
		5A6D73EA2BC238E6007DC0B1 /* RegistrationPageViewModel.swift in Sources */ = {isa = PBXBuildFile; fileRef = 5A6D73E92BC238E6007DC0B1 /* RegistrationPageViewModel.swift */; };
		5A6FD86D2BA2254300D78ADA /* HomePage.swift in Sources */ = {isa = PBXBuildFile; fileRef = 5A6FD86C2BA2254300D78ADA /* HomePage.swift */; };
		5A78AD162BBC0A3100521A32 /* ChooseLevelPage.swift in Sources */ = {isa = PBXBuildFile; fileRef = 5A78AD152BBC0A3100521A32 /* ChooseLevelPage.swift */; };
		5A7A21672B8DA13A0097B610 /* RegistrationPageView.swift in Sources */ = {isa = PBXBuildFile; fileRef = 5A7A21662B8DA13A0097B610 /* RegistrationPageView.swift */; };
		5A7A216A2B8DAD710097B610 /* ChoseLanguagePage.swift in Sources */ = {isa = PBXBuildFile; fileRef = 5A7A21692B8DAD710097B610 /* ChoseLanguagePage.swift */; };
		5A7A216C2B8DB2890097B610 /* CreateAccountPage.swift in Sources */ = {isa = PBXBuildFile; fileRef = 5A7A216B2B8DB2890097B610 /* CreateAccountPage.swift */; };
		5A7CA6CE2BD730C800B2FD84 /* VariantPage.swift in Sources */ = {isa = PBXBuildFile; fileRef = 5A7CA6CD2BD730C700B2FD84 /* VariantPage.swift */; };
		5A7CA6D02BD730D600B2FD84 /* VariantViewModel.swift in Sources */ = {isa = PBXBuildFile; fileRef = 5A7CA6CF2BD730D600B2FD84 /* VariantViewModel.swift */; };
		5A9AB9FF2BDCF149005AB13B /* MathingViewModel.swift in Sources */ = {isa = PBXBuildFile; fileRef = 5A9AB9FE2BDCF149005AB13B /* MathingViewModel.swift */; };
		5A9BD2982BC247090090CAD2 /* ChooseLanguageViewModel.swift in Sources */ = {isa = PBXBuildFile; fileRef = 5A9BD2972BC247090090CAD2 /* ChooseLanguageViewModel.swift */; };
		5A9BD29B2BC24CBA0090CAD2 /* CreateAccountViewModel.swift in Sources */ = {isa = PBXBuildFile; fileRef = 5A9BD29A2BC24CBA0090CAD2 /* CreateAccountViewModel.swift */; };
		5A9BD29E2BC24DFD0090CAD2 /* ChooseYourPasswordViewModel.swift in Sources */ = {isa = PBXBuildFile; fileRef = 5A9BD29D2BC24DFD0090CAD2 /* ChooseYourPasswordViewModel.swift */; };
		5A9BD2A12BC251B50090CAD2 /* ChooseLevelViewModel.swift in Sources */ = {isa = PBXBuildFile; fileRef = 5A9BD2A02BC251B50090CAD2 /* ChooseLevelViewModel.swift */; };
		5A9BD2A42BC253560090CAD2 /* ChooseTimeViewModel.swift in Sources */ = {isa = PBXBuildFile; fileRef = 5A9BD2A32BC253560090CAD2 /* ChooseTimeViewModel.swift */; };
		5A9BD2A62BC254E90090CAD2 /* SignInViewModel.swift in Sources */ = {isa = PBXBuildFile; fileRef = 5A9BD2A52BC254E90090CAD2 /* SignInViewModel.swift */; };
		5A9BD2A82BC25A2A0090CAD2 /* ForgotPasswordViewModel.swift in Sources */ = {isa = PBXBuildFile; fileRef = 5A9BD2A72BC25A2A0090CAD2 /* ForgotPasswordViewModel.swift */; };
		5AAF45CB2BE95E390057A3A4 /* sad.mp3 in Resources */ = {isa = PBXBuildFile; fileRef = 5AAF45CA2BE95E390057A3A4 /* sad.mp3 */; };
		5AB5EFE22BCBFBD8006783E6 /* HomeViewModel.swift in Sources */ = {isa = PBXBuildFile; fileRef = 5AB5EFE12BCBFBD8006783E6 /* HomeViewModel.swift */; };
		5AB5EFE82BCC10F0006783E6 /* HomeRepository.swift in Sources */ = {isa = PBXBuildFile; fileRef = 5AB5EFE72BCC10F0006783E6 /* HomeRepository.swift */; };
		5AB5EFEA2BCC1131006783E6 /* TopicsResponse.swift in Sources */ = {isa = PBXBuildFile; fileRef = 5AB5EFE92BCC1131006783E6 /* TopicsResponse.swift */; };
		5ABA54202BC496FE00D60482 /* LessonModulesPage.swift in Sources */ = {isa = PBXBuildFile; fileRef = 5ABA541F2BC496FE00D60482 /* LessonModulesPage.swift */; };
		5ABA54242BC4B85400D60482 /* HintPage.swift in Sources */ = {isa = PBXBuildFile; fileRef = 5ABA54232BC4B85400D60482 /* HintPage.swift */; };
		5ABA54262BC4BC4400D60482 /* TextPage.swift in Sources */ = {isa = PBXBuildFile; fileRef = 5ABA54252BC4BC4400D60482 /* TextPage.swift */; };
		5ABA54282BC4BD8100D60482 /* Matching.swift in Sources */ = {isa = PBXBuildFile; fileRef = 5ABA54272BC4BD8100D60482 /* Matching.swift */; };
		5ABA542A2BC4C4AA00D60482 /* SoundManager.swift in Sources */ = {isa = PBXBuildFile; fileRef = 5ABA54292BC4C4AA00D60482 /* SoundManager.swift */; };
		5ABE553E2BC2BC5B003C7ABA /* NetworkClient.swift in Sources */ = {isa = PBXBuildFile; fileRef = 5ABE553D2BC2BC5B003C7ABA /* NetworkClient.swift */; };
		5ABE55472BC2CA44003C7ABA /* LoginResponse.swift in Sources */ = {isa = PBXBuildFile; fileRef = 5ABE55462BC2CA44003C7ABA /* LoginResponse.swift */; };
		5ABE554A2BC2CDFD003C7ABA /* AuthRepository.swift in Sources */ = {isa = PBXBuildFile; fileRef = 5ABE55492BC2CDFD003C7ABA /* AuthRepository.swift */; };
		5AC9891F2BCFEFA20007DA63 /* ModulePagesViewModel.swift in Sources */ = {isa = PBXBuildFile; fileRef = 5AC9891E2BCFEFA10007DA63 /* ModulePagesViewModel.swift */; };
		5AC989222BD0929B0007DA63 /* HintViewModel.swift in Sources */ = {isa = PBXBuildFile; fileRef = 5AC989212BD0929B0007DA63 /* HintViewModel.swift */; };
		5AC9892A2BD0B5380007DA63 /* TextViewModel.swift in Sources */ = {isa = PBXBuildFile; fileRef = 5AC989292BD0B5380007DA63 /* TextViewModel.swift */; };
		5ACEF5EB2BD9641600BF9158 /* ModuleResponse.swift in Sources */ = {isa = PBXBuildFile; fileRef = 5ACEF5EA2BD9641600BF9158 /* ModuleResponse.swift */; };
		5ACEF5ED2BD9678000BF9158 /* PageResponse.swift in Sources */ = {isa = PBXBuildFile; fileRef = 5ACEF5EC2BD9678000BF9158 /* PageResponse.swift */; };
		5AD69A9B2BD12E43000570EA /* TrueFalsePage.swift in Sources */ = {isa = PBXBuildFile; fileRef = 5AD69A9A2BD12E43000570EA /* TrueFalsePage.swift */; };
		5AD69A9E2BD12E7E000570EA /* TrueFalseViewModel.swift in Sources */ = {isa = PBXBuildFile; fileRef = 5AD69A9D2BD12E7E000570EA /* TrueFalseViewModel.swift */; };
		5AE0F7442BC307D400079110 /* AppViewModel.swift in Sources */ = {isa = PBXBuildFile; fileRef = 5AE0F7432BC307D400079110 /* AppViewModel.swift */; };
		5AE0F7462BC36A8900079110 /* LessonModuleView.swift in Sources */ = {isa = PBXBuildFile; fileRef = 5AE0F7452BC36A8900079110 /* LessonModuleView.swift */; };
		5AE1A5BF2BE25077007014C4 /* CorrectVeiw.swift in Sources */ = {isa = PBXBuildFile; fileRef = 5AE1A5BE2BE25077007014C4 /* CorrectVeiw.swift */; };
		5AE1A5C12BE25098007014C4 /* WrongView.swift in Sources */ = {isa = PBXBuildFile; fileRef = 5AE1A5C02BE25098007014C4 /* WrongView.swift */; };
		5AE1DF6E2BCAA2620035319E /* TextFieldView.swift in Sources */ = {isa = PBXBuildFile; fileRef = 5AE1DF6D2BCAA2620035319E /* TextFieldView.swift */; };
		5AFA181E2BBFE59F00E13F9A /* ChooseYourPasswordPage.swift in Sources */ = {isa = PBXBuildFile; fileRef = 5AFA181D2BBFE59F00E13F9A /* ChooseYourPasswordPage.swift */; };
		5AFA18202BBFFBDE00E13F9A /* DaraLaunchScreen.storyboard in Resources */ = {isa = PBXBuildFile; fileRef = 5AFA181F2BBFFBDE00E13F9A /* DaraLaunchScreen.storyboard */; };
		5AFA18222BC0062300E13F9A /* Images.swift in Sources */ = {isa = PBXBuildFile; fileRef = 5AFA18212BC0062300E13F9A /* Images.swift */; };
		5AFA18242BC01AB600E13F9A /* PasswordTextFieldView.swift in Sources */ = {isa = PBXBuildFile; fileRef = 5AFA18232BC01AB600E13F9A /* PasswordTextFieldView.swift */; };
		5AFA18292BC1584E00E13F9A /* ForgotPasswordPage.swift in Sources */ = {isa = PBXBuildFile; fileRef = 5AFA18282BC1584E00E13F9A /* ForgotPasswordPage.swift */; };
		5AFA182B2BC15DF400E13F9A /* ResetPasswordPage.swift in Sources */ = {isa = PBXBuildFile; fileRef = 5AFA182A2BC15DF400E13F9A /* ResetPasswordPage.swift */; };
		5AFD0AA72BBF27E20096A237 /* Colors.swift in Sources */ = {isa = PBXBuildFile; fileRef = 5AFD0AA62BBF27E20096A237 /* Colors.swift */; };
		5AFD0AA92BBF2DBB0096A237 /* ButtonView.swift in Sources */ = {isa = PBXBuildFile; fileRef = 5AFD0AA82BBF2DBB0096A237 /* ButtonView.swift */; };
		5AFD0AAB2BBF84280096A237 /* SingleButtonView.swift in Sources */ = {isa = PBXBuildFile; fileRef = 5AFD0AAA2BBF84280096A237 /* SingleButtonView.swift */; };
		5AFD0AAD2BBF86310096A237 /* LoginWithGoogleAndFacebookView.swift in Sources */ = {isa = PBXBuildFile; fileRef = 5AFD0AAC2BBF86310096A237 /* LoginWithGoogleAndFacebookView.swift */; };
/* End PBXBuildFile section */

/* Begin PBXCopyFilesBuildPhase section */
		5A5BDB902BE798DD00465294 /* Embed Frameworks */ = {
			isa = PBXCopyFilesBuildPhase;
			buildActionMask = 2147483647;
			dstPath = "";
			dstSubfolderSpec = 10;
			files = (
			);
			name = "Embed Frameworks";
			runOnlyForDeploymentPostprocessing = 0;
		};
/* End PBXCopyFilesBuildPhase section */

/* Begin PBXFileReference section */
		5A01838A2B923D8C0086DB7B /* CardsForWords.swift */ = {isa = PBXFileReference; lastKnownFileType = sourcecode.swift; path = CardsForWords.swift; sourceTree = "<group>"; };
		5A01838C2B92506C0086DB7B /* SignInPage.swift */ = {isa = PBXFileReference; lastKnownFileType = sourcecode.swift; path = SignInPage.swift; sourceTree = "<group>"; };
		5A0F438C2BCDB6440087B3CE /* LessonModuleViewModel.swift */ = {isa = PBXFileReference; lastKnownFileType = sourcecode.swift; path = LessonModuleViewModel.swift; sourceTree = "<group>"; };
		5A110ECF2B8508500087AA9B /* LaunchScreen.swift */ = {isa = PBXFileReference; lastKnownFileType = sourcecode.swift; path = LaunchScreen.swift; sourceTree = "<group>"; };
		5A12D3A42BCDAE6C001BA71D /* LoaderView.swift */ = {isa = PBXFileReference; lastKnownFileType = sourcecode.swift; path = LoaderView.swift; sourceTree = "<group>"; };
		5A2480DF2B84C4F20018AA57 /* Dara.app */ = {isa = PBXFileReference; explicitFileType = wrapper.application; includeInIndex = 0; path = Dara.app; sourceTree = BUILT_PRODUCTS_DIR; };
		5A2480E22B84C4F20018AA57 /* DaraApp.swift */ = {isa = PBXFileReference; lastKnownFileType = sourcecode.swift; path = DaraApp.swift; sourceTree = "<group>"; };
		5A2480E42B84C4F20018AA57 /* ContentView.swift */ = {isa = PBXFileReference; lastKnownFileType = sourcecode.swift; path = ContentView.swift; sourceTree = "<group>"; };
		5A2480E62B84C4F70018AA57 /* Assets.xcassets */ = {isa = PBXFileReference; lastKnownFileType = folder.assetcatalog; path = Assets.xcassets; sourceTree = "<group>"; };
		5A2480E92B84C4F70018AA57 /* Preview Assets.xcassets */ = {isa = PBXFileReference; lastKnownFileType = folder.assetcatalog; path = "Preview Assets.xcassets"; sourceTree = "<group>"; };
		5A2480EB2B84C4F70018AA57 /* Persistence.swift */ = {isa = PBXFileReference; lastKnownFileType = sourcecode.swift; path = Persistence.swift; sourceTree = "<group>"; };
		5A2480EE2B84C4F70018AA57 /* Dara.xcdatamodel */ = {isa = PBXFileReference; lastKnownFileType = wrapper.xcdatamodel; path = Dara.xcdatamodel; sourceTree = "<group>"; };
		5A362E822BA5AFBD00A73E0B /* ProfilePage.swift */ = {isa = PBXFileReference; lastKnownFileType = sourcecode.swift; path = ProfilePage.swift; sourceTree = "<group>"; };
		5A362E852BA5B11B00A73E0B /* LessonView.swift */ = {isa = PBXFileReference; lastKnownFileType = sourcecode.swift; path = LessonView.swift; sourceTree = "<group>"; };
		5A362E872BA5B17F00A73E0B /* AlphabeetPage.swift */ = {isa = PBXFileReference; lastKnownFileType = sourcecode.swift; path = AlphabeetPage.swift; sourceTree = "<group>"; };
		5A5BDBA52BE92D7200465294 /* success.mp3 */ = {isa = PBXFileReference; lastKnownFileType = audio.mp3; path = success.mp3; sourceTree = "<group>"; };
		5A6106C32B9DA78900956D3A /* MenuTabBar.swift */ = {isa = PBXFileReference; lastKnownFileType = sourcecode.swift; path = MenuTabBar.swift; sourceTree = "<group>"; };
		5A6106C52B9DC29600956D3A /* ChooseTimePage.swift */ = {isa = PBXFileReference; lastKnownFileType = sourcecode.swift; path = ChooseTimePage.swift; sourceTree = "<group>"; };
		5A6D73E92BC238E6007DC0B1 /* RegistrationPageViewModel.swift */ = {isa = PBXFileReference; lastKnownFileType = sourcecode.swift; path = RegistrationPageViewModel.swift; sourceTree = "<group>"; };
		5A6FD86C2BA2254300D78ADA /* HomePage.swift */ = {isa = PBXFileReference; lastKnownFileType = sourcecode.swift; path = HomePage.swift; sourceTree = "<group>"; };
		5A78AD152BBC0A3100521A32 /* ChooseLevelPage.swift */ = {isa = PBXFileReference; lastKnownFileType = sourcecode.swift; path = ChooseLevelPage.swift; sourceTree = "<group>"; };
		5A7A21662B8DA13A0097B610 /* RegistrationPageView.swift */ = {isa = PBXFileReference; lastKnownFileType = sourcecode.swift; path = RegistrationPageView.swift; sourceTree = "<group>"; };
		5A7A21692B8DAD710097B610 /* ChoseLanguagePage.swift */ = {isa = PBXFileReference; lastKnownFileType = sourcecode.swift; path = ChoseLanguagePage.swift; sourceTree = "<group>"; };
		5A7A216B2B8DB2890097B610 /* CreateAccountPage.swift */ = {isa = PBXFileReference; lastKnownFileType = sourcecode.swift; path = CreateAccountPage.swift; sourceTree = "<group>"; };
		5A7CA6CD2BD730C700B2FD84 /* VariantPage.swift */ = {isa = PBXFileReference; lastKnownFileType = sourcecode.swift; path = VariantPage.swift; sourceTree = "<group>"; };
		5A7CA6CF2BD730D600B2FD84 /* VariantViewModel.swift */ = {isa = PBXFileReference; lastKnownFileType = sourcecode.swift; path = VariantViewModel.swift; sourceTree = "<group>"; };
		5A9AB9FE2BDCF149005AB13B /* MathingViewModel.swift */ = {isa = PBXFileReference; lastKnownFileType = sourcecode.swift; path = MathingViewModel.swift; sourceTree = "<group>"; };
		5A9BD2972BC247090090CAD2 /* ChooseLanguageViewModel.swift */ = {isa = PBXFileReference; lastKnownFileType = sourcecode.swift; path = ChooseLanguageViewModel.swift; sourceTree = "<group>"; };
		5A9BD29A2BC24CBA0090CAD2 /* CreateAccountViewModel.swift */ = {isa = PBXFileReference; lastKnownFileType = sourcecode.swift; path = CreateAccountViewModel.swift; sourceTree = "<group>"; };
		5A9BD29D2BC24DFD0090CAD2 /* ChooseYourPasswordViewModel.swift */ = {isa = PBXFileReference; lastKnownFileType = sourcecode.swift; path = ChooseYourPasswordViewModel.swift; sourceTree = "<group>"; };
		5A9BD2A02BC251B50090CAD2 /* ChooseLevelViewModel.swift */ = {isa = PBXFileReference; lastKnownFileType = sourcecode.swift; path = ChooseLevelViewModel.swift; sourceTree = "<group>"; };
		5A9BD2A32BC253560090CAD2 /* ChooseTimeViewModel.swift */ = {isa = PBXFileReference; lastKnownFileType = sourcecode.swift; path = ChooseTimeViewModel.swift; sourceTree = "<group>"; };
		5A9BD2A52BC254E90090CAD2 /* SignInViewModel.swift */ = {isa = PBXFileReference; lastKnownFileType = sourcecode.swift; path = SignInViewModel.swift; sourceTree = "<group>"; };
		5A9BD2A72BC25A2A0090CAD2 /* ForgotPasswordViewModel.swift */ = {isa = PBXFileReference; lastKnownFileType = sourcecode.swift; path = ForgotPasswordViewModel.swift; sourceTree = "<group>"; };
		5AAF45CA2BE95E390057A3A4 /* sad.mp3 */ = {isa = PBXFileReference; lastKnownFileType = audio.mp3; path = sad.mp3; sourceTree = "<group>"; };
		5AB5EFE12BCBFBD8006783E6 /* HomeViewModel.swift */ = {isa = PBXFileReference; lastKnownFileType = sourcecode.swift; path = HomeViewModel.swift; sourceTree = "<group>"; };
		5AB5EFE52BCC0879006783E6 /* Info.plist */ = {isa = PBXFileReference; lastKnownFileType = text.plist.xml; path = Info.plist; sourceTree = "<group>"; };
		5AB5EFE72BCC10F0006783E6 /* HomeRepository.swift */ = {isa = PBXFileReference; lastKnownFileType = sourcecode.swift; path = HomeRepository.swift; sourceTree = "<group>"; };
		5AB5EFE92BCC1131006783E6 /* TopicsResponse.swift */ = {isa = PBXFileReference; lastKnownFileType = sourcecode.swift; path = TopicsResponse.swift; sourceTree = "<group>"; };
		5ABA541F2BC496FE00D60482 /* LessonModulesPage.swift */ = {isa = PBXFileReference; lastKnownFileType = sourcecode.swift; path = LessonModulesPage.swift; sourceTree = "<group>"; };
		5ABA54232BC4B85400D60482 /* HintPage.swift */ = {isa = PBXFileReference; lastKnownFileType = sourcecode.swift; path = HintPage.swift; sourceTree = "<group>"; };
		5ABA54252BC4BC4400D60482 /* TextPage.swift */ = {isa = PBXFileReference; lastKnownFileType = sourcecode.swift; path = TextPage.swift; sourceTree = "<group>"; };
		5ABA54272BC4BD8100D60482 /* Matching.swift */ = {isa = PBXFileReference; lastKnownFileType = sourcecode.swift; path = Matching.swift; sourceTree = "<group>"; };
		5ABA54292BC4C4AA00D60482 /* SoundManager.swift */ = {isa = PBXFileReference; lastKnownFileType = sourcecode.swift; path = SoundManager.swift; sourceTree = "<group>"; };
		5ABE553D2BC2BC5B003C7ABA /* NetworkClient.swift */ = {isa = PBXFileReference; lastKnownFileType = sourcecode.swift; path = NetworkClient.swift; sourceTree = "<group>"; };
		5ABE55462BC2CA44003C7ABA /* LoginResponse.swift */ = {isa = PBXFileReference; lastKnownFileType = sourcecode.swift; path = LoginResponse.swift; sourceTree = "<group>"; };
		5ABE55492BC2CDFD003C7ABA /* AuthRepository.swift */ = {isa = PBXFileReference; lastKnownFileType = sourcecode.swift; path = AuthRepository.swift; sourceTree = "<group>"; };
		5AC9891E2BCFEFA10007DA63 /* ModulePagesViewModel.swift */ = {isa = PBXFileReference; lastKnownFileType = sourcecode.swift; path = ModulePagesViewModel.swift; sourceTree = "<group>"; };
		5AC989212BD0929B0007DA63 /* HintViewModel.swift */ = {isa = PBXFileReference; lastKnownFileType = sourcecode.swift; path = HintViewModel.swift; sourceTree = "<group>"; };
		5AC989292BD0B5380007DA63 /* TextViewModel.swift */ = {isa = PBXFileReference; lastKnownFileType = sourcecode.swift; path = TextViewModel.swift; sourceTree = "<group>"; };
		5ACEF5EA2BD9641600BF9158 /* ModuleResponse.swift */ = {isa = PBXFileReference; lastKnownFileType = sourcecode.swift; path = ModuleResponse.swift; sourceTree = "<group>"; };
		5ACEF5EC2BD9678000BF9158 /* PageResponse.swift */ = {isa = PBXFileReference; lastKnownFileType = sourcecode.swift; path = PageResponse.swift; sourceTree = "<group>"; };
		5AD69A9A2BD12E43000570EA /* TrueFalsePage.swift */ = {isa = PBXFileReference; lastKnownFileType = sourcecode.swift; path = TrueFalsePage.swift; sourceTree = "<group>"; };
		5AD69A9D2BD12E7E000570EA /* TrueFalseViewModel.swift */ = {isa = PBXFileReference; lastKnownFileType = sourcecode.swift; path = TrueFalseViewModel.swift; sourceTree = "<group>"; };
		5AE0F7432BC307D400079110 /* AppViewModel.swift */ = {isa = PBXFileReference; lastKnownFileType = sourcecode.swift; path = AppViewModel.swift; sourceTree = "<group>"; };
		5AE0F7452BC36A8900079110 /* LessonModuleView.swift */ = {isa = PBXFileReference; lastKnownFileType = sourcecode.swift; path = LessonModuleView.swift; sourceTree = "<group>"; };
		5AE1A5BE2BE25077007014C4 /* CorrectVeiw.swift */ = {isa = PBXFileReference; lastKnownFileType = sourcecode.swift; path = CorrectVeiw.swift; sourceTree = "<group>"; };
		5AE1A5C02BE25098007014C4 /* WrongView.swift */ = {isa = PBXFileReference; lastKnownFileType = sourcecode.swift; path = WrongView.swift; sourceTree = "<group>"; };
		5AE1DF6D2BCAA2620035319E /* TextFieldView.swift */ = {isa = PBXFileReference; lastKnownFileType = sourcecode.swift; path = TextFieldView.swift; sourceTree = "<group>"; };
		5AFA181D2BBFE59F00E13F9A /* ChooseYourPasswordPage.swift */ = {isa = PBXFileReference; lastKnownFileType = sourcecode.swift; path = ChooseYourPasswordPage.swift; sourceTree = "<group>"; };
		5AFA181F2BBFFBDE00E13F9A /* DaraLaunchScreen.storyboard */ = {isa = PBXFileReference; lastKnownFileType = file.storyboard; path = DaraLaunchScreen.storyboard; sourceTree = "<group>"; };
		5AFA18212BC0062300E13F9A /* Images.swift */ = {isa = PBXFileReference; lastKnownFileType = sourcecode.swift; path = Images.swift; sourceTree = "<group>"; };
		5AFA18232BC01AB600E13F9A /* PasswordTextFieldView.swift */ = {isa = PBXFileReference; lastKnownFileType = sourcecode.swift; path = PasswordTextFieldView.swift; sourceTree = "<group>"; };
		5AFA18282BC1584E00E13F9A /* ForgotPasswordPage.swift */ = {isa = PBXFileReference; lastKnownFileType = sourcecode.swift; path = ForgotPasswordPage.swift; sourceTree = "<group>"; };
		5AFA182A2BC15DF400E13F9A /* ResetPasswordPage.swift */ = {isa = PBXFileReference; lastKnownFileType = sourcecode.swift; path = ResetPasswordPage.swift; sourceTree = "<group>"; };
		5AFD0AA62BBF27E20096A237 /* Colors.swift */ = {isa = PBXFileReference; lastKnownFileType = sourcecode.swift; path = Colors.swift; sourceTree = "<group>"; };
		5AFD0AA82BBF2DBB0096A237 /* ButtonView.swift */ = {isa = PBXFileReference; lastKnownFileType = sourcecode.swift; path = ButtonView.swift; sourceTree = "<group>"; };
		5AFD0AAA2BBF84280096A237 /* SingleButtonView.swift */ = {isa = PBXFileReference; lastKnownFileType = sourcecode.swift; path = SingleButtonView.swift; sourceTree = "<group>"; };
		5AFD0AAC2BBF86310096A237 /* LoginWithGoogleAndFacebookView.swift */ = {isa = PBXFileReference; lastKnownFileType = sourcecode.swift; path = LoginWithGoogleAndFacebookView.swift; sourceTree = "<group>"; };
/* End PBXFileReference section */

/* Begin PBXFrameworksBuildPhase section */
		5A2480DC2B84C4F20018AA57 /* Frameworks */ = {
			isa = PBXFrameworksBuildPhase;
			buildActionMask = 2147483647;
			files = (
				5A5BDBA02BE79C2000465294 /* SVGKitSwift in Frameworks */,
				5A5BDB9E2BE79C2000465294 /* SVGKit in Frameworks */,
				5A5BDB992BE79C0F00465294 /* Alamofire in Frameworks */,
				5A5BDBA32BE79C3000465294 /* SwiftfulRouting in Frameworks */,
			);
			runOnlyForDeploymentPostprocessing = 0;
		};
/* End PBXFrameworksBuildPhase section */

/* Begin PBXGroup section */
		5A0F438B2BCDB5C80087B3CE /* Modules */ = {
			isa = PBXGroup;
			children = (
				5A0F438C2BCDB6440087B3CE /* LessonModuleViewModel.swift */,
				5ABA541F2BC496FE00D60482 /* LessonModulesPage.swift */,
				5AE1DF6C2BCA88260035319E /* ModulePages */,
			);
			path = Modules;
			sourceTree = "<group>";
		};
		5A2480D62B84C4F20018AA57 = {
			isa = PBXGroup;
			children = (
				5A2480E12B84C4F20018AA57 /* Dara */,
				5A2480E02B84C4F20018AA57 /* Products */,
				5A5BDB812BE75AB600465294 /* Frameworks */,
			);
			sourceTree = "<group>";
		};
		5A2480E02B84C4F20018AA57 /* Products */ = {
			isa = PBXGroup;
			children = (
				5A2480DF2B84C4F20018AA57 /* Dara.app */,
			);
			name = Products;
			sourceTree = "<group>";
		};
		5A2480E12B84C4F20018AA57 /* Dara */ = {
			isa = PBXGroup;
			children = (
				5AB5EFE52BCC0879006783E6 /* Info.plist */,
				5A6D73E12BC21DBD007DC0B1 /* Global */,
				5ABE55442BC2C990003C7ABA /* DaraViews */,
				5A362E802BA5AF5500A73E0B /* Components */,
				5AFD0AA52BBF27AB0096A237 /* Assets */,
				5A2480EB2B84C4F70018AA57 /* Persistence.swift */,
				5A2480ED2B84C4F70018AA57 /* Dara.xcdatamodeld */,
				5A2480E82B84C4F70018AA57 /* Preview Content */,
				5AFA181F2BBFFBDE00E13F9A /* DaraLaunchScreen.storyboard */,
			);
			path = Dara;
			sourceTree = "<group>";
		};
		5A2480E82B84C4F70018AA57 /* Preview Content */ = {
			isa = PBXGroup;
			children = (
				5A2480E92B84C4F70018AA57 /* Preview Assets.xcassets */,
			);
			path = "Preview Content";
			sourceTree = "<group>";
		};
		5A362E7F2BA5AF3000A73E0B /* HomePages */ = {
			isa = PBXGroup;
			children = (
				5AB5EFE12BCBFBD8006783E6 /* HomeViewModel.swift */,
				5A6FD86C2BA2254300D78ADA /* HomePage.swift */,
				5A0F438B2BCDB5C80087B3CE /* Modules */,
			);
			path = HomePages;
			sourceTree = "<group>";
		};
		5A362E802BA5AF5500A73E0B /* Components */ = {
			isa = PBXGroup;
			children = (
				5A01838A2B923D8C0086DB7B /* CardsForWords.swift */,
				5A362E852BA5B11B00A73E0B /* LessonView.swift */,
				5AFD0AA82BBF2DBB0096A237 /* ButtonView.swift */,
				5AFD0AAA2BBF84280096A237 /* SingleButtonView.swift */,
				5AFD0AAC2BBF86310096A237 /* LoginWithGoogleAndFacebookView.swift */,
				5AE1DF6D2BCAA2620035319E /* TextFieldView.swift */,
				5AFA18232BC01AB600E13F9A /* PasswordTextFieldView.swift */,
				5AE0F7452BC36A8900079110 /* LessonModuleView.swift */,
				5A12D3A42BCDAE6C001BA71D /* LoaderView.swift */,
				5AE1A5BE2BE25077007014C4 /* CorrectVeiw.swift */,
				5AE1A5C02BE25098007014C4 /* WrongView.swift */,
			);
			path = Components;
			sourceTree = "<group>";
		};
		5A362E812BA5AF9800A73E0B /* ProfilePages */ = {
			isa = PBXGroup;
			children = (
				5A362E822BA5AFBD00A73E0B /* ProfilePage.swift */,
			);
			path = ProfilePages;
			sourceTree = "<group>";
		};
		5A362E842BA5B0DC00A73E0B /* AlphabeetPages */ = {
			isa = PBXGroup;
			children = (
				5A362E872BA5B17F00A73E0B /* AlphabeetPage.swift */,
			);
			path = AlphabeetPages;
			sourceTree = "<group>";
		};
		5A5BDB812BE75AB600465294 /* Frameworks */ = {
			isa = PBXGroup;
			children = (
			);
			name = Frameworks;
			sourceTree = "<group>";
		};
		5A6D73E12BC21DBD007DC0B1 /* Global */ = {
			isa = PBXGroup;
			children = (
				5A2480E42B84C4F20018AA57 /* ContentView.swift */,
				5A2480E22B84C4F20018AA57 /* DaraApp.swift */,
				5AE0F7432BC307D400079110 /* AppViewModel.swift */,
				5ABA54292BC4C4AA00D60482 /* SoundManager.swift */,
				5ABE553C2BC2BC46003C7ABA /* Networking */,
			);
			path = Global;
			sourceTree = "<group>";
		};
		5A6D73E82BC238B3007DC0B1 /* RegistrationPage */ = {
			isa = PBXGroup;
			children = (
				5A7A21662B8DA13A0097B610 /* RegistrationPageView.swift */,
				5A6D73E92BC238E6007DC0B1 /* RegistrationPageViewModel.swift */,
			);
			path = RegistrationPage;
			sourceTree = "<group>";
		};
		5A78AD122BBBF44400521A32 /* Main */ = {
			isa = PBXGroup;
			children = (
				5A6106C32B9DA78900956D3A /* MenuTabBar.swift */,
				5A362E7F2BA5AF3000A73E0B /* HomePages */,
				5A362E842BA5B0DC00A73E0B /* AlphabeetPages */,
				5A362E812BA5AF9800A73E0B /* ProfilePages */,
			);
			path = Main;
			sourceTree = "<group>";
		};
		5A78AD172BBC0DA200521A32 /* SignInPages */ = {
			isa = PBXGroup;
			children = (
				5A01838C2B92506C0086DB7B /* SignInPage.swift */,
				5A9BD2A52BC254E90090CAD2 /* SignInViewModel.swift */,
			);
			path = SignInPages;
			sourceTree = "<group>";
		};
		5A78AD182BBC0DAF00521A32 /* SignUpPages */ = {
			isa = PBXGroup;
			children = (
				5A6D73E82BC238B3007DC0B1 /* RegistrationPage */,
				5A9BD2962BC246E20090CAD2 /* ChooseLanguagePages */,
				5A9BD2992BC24C7E0090CAD2 /* CreateAccountPages */,
				5A9BD29C2BC24DDA0090CAD2 /* ChooseYourPasswordPage */,
				5A9BD29F2BC2512D0090CAD2 /* ChooseLevelPage */,
				5A9BD2A22BC253330090CAD2 /* ChooseTimePage */,
				5AFA18272BC1578600E13F9A /* PasswordForgetPages */,
			);
			path = SignUpPages;
			sourceTree = "<group>";
		};
		5A7A21682B8DAD310097B610 /* Auth */ = {
			isa = PBXGroup;
			children = (
				5A110ECF2B8508500087AA9B /* LaunchScreen.swift */,
				5A78AD172BBC0DA200521A32 /* SignInPages */,
				5A78AD182BBC0DAF00521A32 /* SignUpPages */,
			);
			path = Auth;
			sourceTree = "<group>";
		};
		5A7CA6CC2BD730A700B2FD84 /* VariantPage */ = {
			isa = PBXGroup;
			children = (
				5A7CA6CF2BD730D600B2FD84 /* VariantViewModel.swift */,
				5A7CA6CD2BD730C700B2FD84 /* VariantPage.swift */,
			);
			path = VariantPage;
			sourceTree = "<group>";
		};
		5A9AB9FD2BDCF0FA005AB13B /* MatchingPages */ = {
			isa = PBXGroup;
			children = (
				5A9AB9FE2BDCF149005AB13B /* MathingViewModel.swift */,
				5ABA54272BC4BD8100D60482 /* Matching.swift */,
			);
			path = MatchingPages;
			sourceTree = "<group>";
		};
		5A9BD2962BC246E20090CAD2 /* ChooseLanguagePages */ = {
			isa = PBXGroup;
			children = (
				5A7A21692B8DAD710097B610 /* ChoseLanguagePage.swift */,
				5A9BD2972BC247090090CAD2 /* ChooseLanguageViewModel.swift */,
			);
			path = ChooseLanguagePages;
			sourceTree = "<group>";
		};
		5A9BD2992BC24C7E0090CAD2 /* CreateAccountPages */ = {
			isa = PBXGroup;
			children = (
				5A7A216B2B8DB2890097B610 /* CreateAccountPage.swift */,
				5A9BD29A2BC24CBA0090CAD2 /* CreateAccountViewModel.swift */,
			);
			path = CreateAccountPages;
			sourceTree = "<group>";
		};
		5A9BD29C2BC24DDA0090CAD2 /* ChooseYourPasswordPage */ = {
			isa = PBXGroup;
			children = (
				5AFA181D2BBFE59F00E13F9A /* ChooseYourPasswordPage.swift */,
				5A9BD29D2BC24DFD0090CAD2 /* ChooseYourPasswordViewModel.swift */,
			);
			path = ChooseYourPasswordPage;
			sourceTree = "<group>";
		};
		5A9BD29F2BC2512D0090CAD2 /* ChooseLevelPage */ = {
			isa = PBXGroup;
			children = (
				5A78AD152BBC0A3100521A32 /* ChooseLevelPage.swift */,
				5A9BD2A02BC251B50090CAD2 /* ChooseLevelViewModel.swift */,
			);
			path = ChooseLevelPage;
			sourceTree = "<group>";
		};
		5A9BD2A22BC253330090CAD2 /* ChooseTimePage */ = {
			isa = PBXGroup;
			children = (
				5A6106C52B9DC29600956D3A /* ChooseTimePage.swift */,
				5A9BD2A32BC253560090CAD2 /* ChooseTimeViewModel.swift */,
			);
			path = ChooseTimePage;
			sourceTree = "<group>";
		};
		5AB5EFE62BCC10C2006783E6 /* Home */ = {
			isa = PBXGroup;
			children = (
				5AB5EFE72BCC10F0006783E6 /* HomeRepository.swift */,
				5AB5EFE92BCC1131006783E6 /* TopicsResponse.swift */,
				5ACEF5EA2BD9641600BF9158 /* ModuleResponse.swift */,
				5ACEF5EC2BD9678000BF9158 /* PageResponse.swift */,
			);
			path = Home;
			sourceTree = "<group>";
		};
		5ABA542B2BC4C4E300D60482 /* Sounds */ = {
			isa = PBXGroup;
			children = (
				5AAF45CA2BE95E390057A3A4 /* sad.mp3 */,
				5A5BDBA52BE92D7200465294 /* success.mp3 */,
			);
			path = Sounds;
			sourceTree = "<group>";
		};
		5ABE553C2BC2BC46003C7ABA /* Networking */ = {
			isa = PBXGroup;
			children = (
				5ABE553D2BC2BC5B003C7ABA /* NetworkClient.swift */,
				5ABE55482BC2CC09003C7ABA /* Auth */,
				5AB5EFE62BCC10C2006783E6 /* Home */,
			);
			path = Networking;
			sourceTree = "<group>";
		};
		5ABE55442BC2C990003C7ABA /* DaraViews */ = {
			isa = PBXGroup;
			children = (
				5A7A21682B8DAD310097B610 /* Auth */,
				5A78AD122BBBF44400521A32 /* Main */,
			);
			path = DaraViews;
			sourceTree = "<group>";
		};
		5ABE55482BC2CC09003C7ABA /* Auth */ = {
			isa = PBXGroup;
			children = (
				5ABE55492BC2CDFD003C7ABA /* AuthRepository.swift */,
				5ABE55462BC2CA44003C7ABA /* LoginResponse.swift */,
			);
			path = Auth;
			sourceTree = "<group>";
		};
		5AC989202BD0927E0007DA63 /* HintPage */ = {
			isa = PBXGroup;
			children = (
				5AC989212BD0929B0007DA63 /* HintViewModel.swift */,
				5ABA54232BC4B85400D60482 /* HintPage.swift */,
			);
			path = HintPage;
			sourceTree = "<group>";
		};
		5AC989282BD0B4800007DA63 /* TextPage */ = {
			isa = PBXGroup;
			children = (
				5AC989292BD0B5380007DA63 /* TextViewModel.swift */,
				5ABA54252BC4BC4400D60482 /* TextPage.swift */,
			);
			path = TextPage;
			sourceTree = "<group>";
		};
		5AD69A9C2BD12E5A000570EA /* TrueFalsePage */ = {
			isa = PBXGroup;
			children = (
				5AD69A9D2BD12E7E000570EA /* TrueFalseViewModel.swift */,
				5AD69A9A2BD12E43000570EA /* TrueFalsePage.swift */,
			);
			path = TrueFalsePage;
			sourceTree = "<group>";
		};
		5AE1DF6C2BCA88260035319E /* ModulePages */ = {
			isa = PBXGroup;
			children = (
				5AC9891E2BCFEFA10007DA63 /* ModulePagesViewModel.swift */,
				5AC989202BD0927E0007DA63 /* HintPage */,
				5AC989282BD0B4800007DA63 /* TextPage */,
				5AD69A9C2BD12E5A000570EA /* TrueFalsePage */,
				5A7CA6CC2BD730A700B2FD84 /* VariantPage */,
				5A9AB9FD2BDCF0FA005AB13B /* MatchingPages */,
			);
			path = ModulePages;
			sourceTree = "<group>";
		};
		5AFA18272BC1578600E13F9A /* PasswordForgetPages */ = {
			isa = PBXGroup;
			children = (
				5AFA18282BC1584E00E13F9A /* ForgotPasswordPage.swift */,
				5AFA182A2BC15DF400E13F9A /* ResetPasswordPage.swift */,
				5A9BD2A72BC25A2A0090CAD2 /* ForgotPasswordViewModel.swift */,
			);
			path = PasswordForgetPages;
			sourceTree = "<group>";
		};
		5AFD0AA52BBF27AB0096A237 /* Assets */ = {
			isa = PBXGroup;
			children = (
				5ABA542B2BC4C4E300D60482 /* Sounds */,
				5A2480E62B84C4F70018AA57 /* Assets.xcassets */,
				5AFD0AA62BBF27E20096A237 /* Colors.swift */,
				5AFA18212BC0062300E13F9A /* Images.swift */,
			);
			path = Assets;
			sourceTree = "<group>";
		};
/* End PBXGroup section */

/* Begin PBXNativeTarget section */
		5A2480DE2B84C4F20018AA57 /* Dara */ = {
			isa = PBXNativeTarget;
			buildConfigurationList = 5A2480F22B84C4F70018AA57 /* Build configuration list for PBXNativeTarget "Dara" */;
			buildPhases = (
				5A2480DB2B84C4F20018AA57 /* Sources */,
				5A2480DC2B84C4F20018AA57 /* Frameworks */,
				5A2480DD2B84C4F20018AA57 /* Resources */,
				5A5BDB902BE798DD00465294 /* Embed Frameworks */,
			);
			buildRules = (
			);
			dependencies = (
			);
			name = Dara;
			packageProductDependencies = (
				5A5BDB982BE79C0F00465294 /* Alamofire */,
				5A5BDB9D2BE79C2000465294 /* SVGKit */,
				5A5BDB9F2BE79C2000465294 /* SVGKitSwift */,
				5A5BDBA22BE79C3000465294 /* SwiftfulRouting */,
			);
			productName = Dara;
			productReference = 5A2480DF2B84C4F20018AA57 /* Dara.app */;
			productType = "com.apple.product-type.application";
		};
/* End PBXNativeTarget section */

/* Begin PBXProject section */
		5A2480D72B84C4F20018AA57 /* Project object */ = {
			isa = PBXProject;
			attributes = {
				BuildIndependentTargetsInParallel = 1;
				LastSwiftUpdateCheck = 1520;
				LastUpgradeCheck = 1520;
				TargetAttributes = {
					5A2480DE2B84C4F20018AA57 = {
						CreatedOnToolsVersion = 15.2;
					};
				};
			};
			buildConfigurationList = 5A2480DA2B84C4F20018AA57 /* Build configuration list for PBXProject "Dara" */;
			compatibilityVersion = "Xcode 14.0";
			developmentRegion = en;
			hasScannedForEncodings = 0;
			knownRegions = (
				en,
				Base,
			);
			mainGroup = 5A2480D62B84C4F20018AA57;
			packageReferences = (
				5A5BDB972BE79C0F00465294 /* XCRemoteSwiftPackageReference "Alamofire" */,
				5A5BDB9C2BE79C2000465294 /* XCRemoteSwiftPackageReference "SVGKit" */,
				5A5BDBA12BE79C3000465294 /* XCRemoteSwiftPackageReference "SwiftfulRouting" */,
			);
			productRefGroup = 5A2480E02B84C4F20018AA57 /* Products */;
			projectDirPath = "";
			projectRoot = "";
			targets = (
				5A2480DE2B84C4F20018AA57 /* Dara */,
			);
		};
/* End PBXProject section */

/* Begin PBXResourcesBuildPhase section */
		5A2480DD2B84C4F20018AA57 /* Resources */ = {
			isa = PBXResourcesBuildPhase;
			buildActionMask = 2147483647;
			files = (
				5AFA18202BBFFBDE00E13F9A /* DaraLaunchScreen.storyboard in Resources */,
				5A2480EA2B84C4F70018AA57 /* Preview Assets.xcassets in Resources */,
				5AAF45CB2BE95E390057A3A4 /* sad.mp3 in Resources */,
				5A5BDBA72BE92D7300465294 /* success.mp3 in Resources */,
				5A2480E72B84C4F70018AA57 /* Assets.xcassets in Resources */,
			);
			runOnlyForDeploymentPostprocessing = 0;
		};
/* End PBXResourcesBuildPhase section */

/* Begin PBXSourcesBuildPhase section */
		5A2480DB2B84C4F20018AA57 /* Sources */ = {
			isa = PBXSourcesBuildPhase;
			buildActionMask = 2147483647;
			files = (
				5AD69A9B2BD12E43000570EA /* TrueFalsePage.swift in Sources */,
				5A7A216C2B8DB2890097B610 /* CreateAccountPage.swift in Sources */,
				5AFD0AA72BBF27E20096A237 /* Colors.swift in Sources */,
				5AFA18242BC01AB600E13F9A /* PasswordTextFieldView.swift in Sources */,
				5AE1A5C12BE25098007014C4 /* WrongView.swift in Sources */,
				5A12D3A52BCDAE6C001BA71D /* LoaderView.swift in Sources */,
				5ABE553E2BC2BC5B003C7ABA /* NetworkClient.swift in Sources */,
				5AFA182B2BC15DF400E13F9A /* ResetPasswordPage.swift in Sources */,
				5A362E882BA5B17F00A73E0B /* AlphabeetPage.swift in Sources */,
				5AE0F7462BC36A8900079110 /* LessonModuleView.swift in Sources */,
				5A7A216A2B8DAD710097B610 /* ChoseLanguagePage.swift in Sources */,
				5A6D73EA2BC238E6007DC0B1 /* RegistrationPageViewModel.swift in Sources */,
				5A7CA6D02BD730D600B2FD84 /* VariantViewModel.swift in Sources */,
				5A2480EC2B84C4F70018AA57 /* Persistence.swift in Sources */,
				5A6106C42B9DA78900956D3A /* MenuTabBar.swift in Sources */,
				5ABA54242BC4B85400D60482 /* HintPage.swift in Sources */,
				5AB5EFE82BCC10F0006783E6 /* HomeRepository.swift in Sources */,
				5AFD0AAB2BBF84280096A237 /* SingleButtonView.swift in Sources */,
				5ABA542A2BC4C4AA00D60482 /* SoundManager.swift in Sources */,
				5A01838B2B923D8C0086DB7B /* CardsForWords.swift in Sources */,
				5A01838D2B92506C0086DB7B /* SignInPage.swift in Sources */,
				5A0F438D2BCDB6440087B3CE /* LessonModuleViewModel.swift in Sources */,
				5A6FD86D2BA2254300D78ADA /* HomePage.swift in Sources */,
				5ABA54202BC496FE00D60482 /* LessonModulesPage.swift in Sources */,
				5A362E862BA5B11B00A73E0B /* LessonView.swift in Sources */,
				5AB5EFE22BCBFBD8006783E6 /* HomeViewModel.swift in Sources */,
				5AFA181E2BBFE59F00E13F9A /* ChooseYourPasswordPage.swift in Sources */,
				5A9BD29B2BC24CBA0090CAD2 /* CreateAccountViewModel.swift in Sources */,
				5AC989222BD0929B0007DA63 /* HintViewModel.swift in Sources */,
				5A7A21672B8DA13A0097B610 /* RegistrationPageView.swift in Sources */,
				5AC9892A2BD0B5380007DA63 /* TextViewModel.swift in Sources */,
				5AE1DF6E2BCAA2620035319E /* TextFieldView.swift in Sources */,
				5AFD0AAD2BBF86310096A237 /* LoginWithGoogleAndFacebookView.swift in Sources */,
				5A2480EF2B84C4F70018AA57 /* Dara.xcdatamodeld in Sources */,
				5A9AB9FF2BDCF149005AB13B /* MathingViewModel.swift in Sources */,
				5ABA54262BC4BC4400D60482 /* TextPage.swift in Sources */,
				5ABE554A2BC2CDFD003C7ABA /* AuthRepository.swift in Sources */,
				5AFA18222BC0062300E13F9A /* Images.swift in Sources */,
				5A110ED02B8508500087AA9B /* LaunchScreen.swift in Sources */,
				5A362E832BA5AFBD00A73E0B /* ProfilePage.swift in Sources */,
				5AFA18292BC1584E00E13F9A /* ForgotPasswordPage.swift in Sources */,
				5A78AD162BBC0A3100521A32 /* ChooseLevelPage.swift in Sources */,
				5A2480E52B84C4F20018AA57 /* ContentView.swift in Sources */,
				5A9BD2A62BC254E90090CAD2 /* SignInViewModel.swift in Sources */,
				5AE0F7442BC307D400079110 /* AppViewModel.swift in Sources */,
				5AB5EFEA2BCC1131006783E6 /* TopicsResponse.swift in Sources */,
				5ABA54282BC4BD8100D60482 /* Matching.swift in Sources */,
				5A9BD2A42BC253560090CAD2 /* ChooseTimeViewModel.swift in Sources */,
				5A9BD2A12BC251B50090CAD2 /* ChooseLevelViewModel.swift in Sources */,
				5AFD0AA92BBF2DBB0096A237 /* ButtonView.swift in Sources */,
				5ACEF5EB2BD9641600BF9158 /* ModuleResponse.swift in Sources */,
				5A2480E32B84C4F20018AA57 /* DaraApp.swift in Sources */,
				5ABE55472BC2CA44003C7ABA /* LoginResponse.swift in Sources */,
				5AD69A9E2BD12E7E000570EA /* TrueFalseViewModel.swift in Sources */,
				5A9BD2A82BC25A2A0090CAD2 /* ForgotPasswordViewModel.swift in Sources */,
				5A9BD2982BC247090090CAD2 /* ChooseLanguageViewModel.swift in Sources */,
				5AE1A5BF2BE25077007014C4 /* CorrectVeiw.swift in Sources */,
				5ACEF5ED2BD9678000BF9158 /* PageResponse.swift in Sources */,
				5A9BD29E2BC24DFD0090CAD2 /* ChooseYourPasswordViewModel.swift in Sources */,
				5AC9891F2BCFEFA20007DA63 /* ModulePagesViewModel.swift in Sources */,
				5A7CA6CE2BD730C800B2FD84 /* VariantPage.swift in Sources */,
				5A6106C62B9DC29600956D3A /* ChooseTimePage.swift in Sources */,
			);
			runOnlyForDeploymentPostprocessing = 0;
		};
/* End PBXSourcesBuildPhase section */

/* Begin XCBuildConfiguration section */
		5A2480F02B84C4F70018AA57 /* Debug */ = {
			isa = XCBuildConfiguration;
			buildSettings = {
				ALWAYS_SEARCH_USER_PATHS = NO;
				ASSETCATALOG_COMPILER_GENERATE_SWIFT_ASSET_SYMBOL_EXTENSIONS = YES;
				CLANG_ANALYZER_NONNULL = YES;
				CLANG_ANALYZER_NUMBER_OBJECT_CONVERSION = YES_AGGRESSIVE;
				CLANG_CXX_LANGUAGE_STANDARD = "gnu++20";
				CLANG_ENABLE_MODULES = YES;
				CLANG_ENABLE_OBJC_ARC = YES;
				CLANG_ENABLE_OBJC_WEAK = YES;
				CLANG_WARN_BLOCK_CAPTURE_AUTORELEASING = YES;
				CLANG_WARN_BOOL_CONVERSION = YES;
				CLANG_WARN_COMMA = YES;
				CLANG_WARN_CONSTANT_CONVERSION = YES;
				CLANG_WARN_DEPRECATED_OBJC_IMPLEMENTATIONS = YES;
				CLANG_WARN_DIRECT_OBJC_ISA_USAGE = YES_ERROR;
				CLANG_WARN_DOCUMENTATION_COMMENTS = YES;
				CLANG_WARN_EMPTY_BODY = YES;
				CLANG_WARN_ENUM_CONVERSION = YES;
				CLANG_WARN_INFINITE_RECURSION = YES;
				CLANG_WARN_INT_CONVERSION = YES;
				CLANG_WARN_NON_LITERAL_NULL_CONVERSION = YES;
				CLANG_WARN_OBJC_IMPLICIT_RETAIN_SELF = YES;
				CLANG_WARN_OBJC_LITERAL_CONVERSION = YES;
				CLANG_WARN_OBJC_ROOT_CLASS = YES_ERROR;
				CLANG_WARN_QUOTED_INCLUDE_IN_FRAMEWORK_HEADER = YES;
				CLANG_WARN_RANGE_LOOP_ANALYSIS = YES;
				CLANG_WARN_STRICT_PROTOTYPES = YES;
				CLANG_WARN_SUSPICIOUS_MOVE = YES;
				CLANG_WARN_UNGUARDED_AVAILABILITY = YES_AGGRESSIVE;
				CLANG_WARN_UNREACHABLE_CODE = YES;
				CLANG_WARN__DUPLICATE_METHOD_MATCH = YES;
				COPY_PHASE_STRIP = NO;
				DEBUG_INFORMATION_FORMAT = dwarf;
				ENABLE_STRICT_OBJC_MSGSEND = YES;
				ENABLE_TESTABILITY = YES;
				ENABLE_USER_SCRIPT_SANDBOXING = YES;
				GCC_C_LANGUAGE_STANDARD = gnu17;
				GCC_DYNAMIC_NO_PIC = NO;
				GCC_NO_COMMON_BLOCKS = YES;
				GCC_OPTIMIZATION_LEVEL = 0;
				GCC_PREPROCESSOR_DEFINITIONS = (
					"DEBUG=1",
					"$(inherited)",
				);
				GCC_WARN_64_TO_32_BIT_CONVERSION = YES;
				GCC_WARN_ABOUT_RETURN_TYPE = YES_ERROR;
				GCC_WARN_UNDECLARED_SELECTOR = YES;
				GCC_WARN_UNINITIALIZED_AUTOS = YES_AGGRESSIVE;
				GCC_WARN_UNUSED_FUNCTION = YES;
				GCC_WARN_UNUSED_VARIABLE = YES;
				IPHONEOS_DEPLOYMENT_TARGET = 17.0;
				LOCALIZATION_PREFERS_STRING_CATALOGS = YES;
				MTL_ENABLE_DEBUG_INFO = INCLUDE_SOURCE;
				MTL_FAST_MATH = YES;
				ONLY_ACTIVE_ARCH = YES;
				SDKROOT = iphoneos;
				SWIFT_ACTIVE_COMPILATION_CONDITIONS = "DEBUG $(inherited)";
				SWIFT_OPTIMIZATION_LEVEL = "-Onone";
			};
			name = Debug;
		};
		5A2480F12B84C4F70018AA57 /* Release */ = {
			isa = XCBuildConfiguration;
			buildSettings = {
				ALWAYS_SEARCH_USER_PATHS = NO;
				ASSETCATALOG_COMPILER_GENERATE_SWIFT_ASSET_SYMBOL_EXTENSIONS = YES;
				CLANG_ANALYZER_NONNULL = YES;
				CLANG_ANALYZER_NUMBER_OBJECT_CONVERSION = YES_AGGRESSIVE;
				CLANG_CXX_LANGUAGE_STANDARD = "gnu++20";
				CLANG_ENABLE_MODULES = YES;
				CLANG_ENABLE_OBJC_ARC = YES;
				CLANG_ENABLE_OBJC_WEAK = YES;
				CLANG_WARN_BLOCK_CAPTURE_AUTORELEASING = YES;
				CLANG_WARN_BOOL_CONVERSION = YES;
				CLANG_WARN_COMMA = YES;
				CLANG_WARN_CONSTANT_CONVERSION = YES;
				CLANG_WARN_DEPRECATED_OBJC_IMPLEMENTATIONS = YES;
				CLANG_WARN_DIRECT_OBJC_ISA_USAGE = YES_ERROR;
				CLANG_WARN_DOCUMENTATION_COMMENTS = YES;
				CLANG_WARN_EMPTY_BODY = YES;
				CLANG_WARN_ENUM_CONVERSION = YES;
				CLANG_WARN_INFINITE_RECURSION = YES;
				CLANG_WARN_INT_CONVERSION = YES;
				CLANG_WARN_NON_LITERAL_NULL_CONVERSION = YES;
				CLANG_WARN_OBJC_IMPLICIT_RETAIN_SELF = YES;
				CLANG_WARN_OBJC_LITERAL_CONVERSION = YES;
				CLANG_WARN_OBJC_ROOT_CLASS = YES_ERROR;
				CLANG_WARN_QUOTED_INCLUDE_IN_FRAMEWORK_HEADER = YES;
				CLANG_WARN_RANGE_LOOP_ANALYSIS = YES;
				CLANG_WARN_STRICT_PROTOTYPES = YES;
				CLANG_WARN_SUSPICIOUS_MOVE = YES;
				CLANG_WARN_UNGUARDED_AVAILABILITY = YES_AGGRESSIVE;
				CLANG_WARN_UNREACHABLE_CODE = YES;
				CLANG_WARN__DUPLICATE_METHOD_MATCH = YES;
				COPY_PHASE_STRIP = NO;
				DEBUG_INFORMATION_FORMAT = "dwarf-with-dsym";
				ENABLE_NS_ASSERTIONS = NO;
				ENABLE_STRICT_OBJC_MSGSEND = YES;
				ENABLE_USER_SCRIPT_SANDBOXING = YES;
				GCC_C_LANGUAGE_STANDARD = gnu17;
				GCC_NO_COMMON_BLOCKS = YES;
				GCC_WARN_64_TO_32_BIT_CONVERSION = YES;
				GCC_WARN_ABOUT_RETURN_TYPE = YES_ERROR;
				GCC_WARN_UNDECLARED_SELECTOR = YES;
				GCC_WARN_UNINITIALIZED_AUTOS = YES_AGGRESSIVE;
				GCC_WARN_UNUSED_FUNCTION = YES;
				GCC_WARN_UNUSED_VARIABLE = YES;
				IPHONEOS_DEPLOYMENT_TARGET = 17.0;
				LOCALIZATION_PREFERS_STRING_CATALOGS = YES;
				MTL_ENABLE_DEBUG_INFO = NO;
				MTL_FAST_MATH = YES;
				SDKROOT = iphoneos;
				SWIFT_COMPILATION_MODE = wholemodule;
				VALIDATE_PRODUCT = YES;
			};
			name = Release;
		};
		5A2480F32B84C4F70018AA57 /* Debug */ = {
			isa = XCBuildConfiguration;
			buildSettings = {
				ASSETCATALOG_COMPILER_APPICON_NAME = AppIcon;
				ASSETCATALOG_COMPILER_GLOBAL_ACCENT_COLOR_NAME = AccentColor;
				ASSETCATALOG_COMPILER_INCLUDE_ALL_APPICON_ASSETS = NO;
				CODE_SIGN_STYLE = Automatic;
				CURRENT_PROJECT_VERSION = 1;
				DEVELOPMENT_ASSET_PATHS = "\"Dara/Preview Content\"";
				DEVELOPMENT_TEAM = BKNZ54W4AA;
				ENABLE_PREVIEWS = YES;
				GENERATE_INFOPLIST_FILE = YES;
				INFOPLIST_FILE = Dara/Info.plist;
				INFOPLIST_KEY_CFBundleDisplayName = Dara;
				INFOPLIST_KEY_LSApplicationCategoryType = "public.app-category.education";
				INFOPLIST_KEY_UIApplicationSceneManifest_Generation = YES;
				INFOPLIST_KEY_UIApplicationSupportsIndirectInputEvents = YES;
				INFOPLIST_KEY_UILaunchScreen_Generation = YES;
				INFOPLIST_KEY_UILaunchStoryboardName = DaraLaunchScreen.storyboard;
				INFOPLIST_KEY_UISupportedInterfaceOrientations = UIInterfaceOrientationPortrait;
				IPHONEOS_DEPLOYMENT_TARGET = 17.0;
				LD_RUNPATH_SEARCH_PATHS = (
					"$(inherited)",
					"@executable_path/Frameworks",
				);
				MARKETING_VERSION = 1.0;
				PRODUCT_BUNDLE_IDENTIFIER = Yessimkhan.Dara;
				PRODUCT_NAME = "$(TARGET_NAME)";
				SUPPORTED_PLATFORMS = "iphoneos iphonesimulator";
				SUPPORTS_MACCATALYST = NO;
				SUPPORTS_MAC_DESIGNED_FOR_IPHONE_IPAD = NO;
				SUPPORTS_XR_DESIGNED_FOR_IPHONE_IPAD = NO;
				SWIFT_EMIT_LOC_STRINGS = YES;
				SWIFT_VERSION = 5.0;
				TARGETED_DEVICE_FAMILY = "1,2";
			};
			name = Debug;
		};
		5A2480F42B84C4F70018AA57 /* Release */ = {
			isa = XCBuildConfiguration;
			buildSettings = {
				ASSETCATALOG_COMPILER_APPICON_NAME = AppIcon;
				ASSETCATALOG_COMPILER_GLOBAL_ACCENT_COLOR_NAME = AccentColor;
				ASSETCATALOG_COMPILER_INCLUDE_ALL_APPICON_ASSETS = NO;
				CODE_SIGN_STYLE = Automatic;
				CURRENT_PROJECT_VERSION = 1;
				DEVELOPMENT_ASSET_PATHS = "\"Dara/Preview Content\"";
				DEVELOPMENT_TEAM = BKNZ54W4AA;
				ENABLE_PREVIEWS = YES;
				GENERATE_INFOPLIST_FILE = YES;
				INFOPLIST_FILE = Dara/Info.plist;
				INFOPLIST_KEY_CFBundleDisplayName = Dara;
				INFOPLIST_KEY_LSApplicationCategoryType = "public.app-category.education";
				INFOPLIST_KEY_UIApplicationSceneManifest_Generation = YES;
				INFOPLIST_KEY_UIApplicationSupportsIndirectInputEvents = YES;
				INFOPLIST_KEY_UILaunchScreen_Generation = YES;
				INFOPLIST_KEY_UILaunchStoryboardName = DaraLaunchScreen.storyboard;
				INFOPLIST_KEY_UISupportedInterfaceOrientations = UIInterfaceOrientationPortrait;
				IPHONEOS_DEPLOYMENT_TARGET = 17.0;
				LD_RUNPATH_SEARCH_PATHS = (
					"$(inherited)",
					"@executable_path/Frameworks",
				);
				MARKETING_VERSION = 1.0;
				PRODUCT_BUNDLE_IDENTIFIER = Yessimkhan.Dara;
				PRODUCT_NAME = "$(TARGET_NAME)";
				SUPPORTED_PLATFORMS = "iphoneos iphonesimulator";
				SUPPORTS_MACCATALYST = NO;
				SUPPORTS_MAC_DESIGNED_FOR_IPHONE_IPAD = NO;
				SUPPORTS_XR_DESIGNED_FOR_IPHONE_IPAD = NO;
				SWIFT_EMIT_LOC_STRINGS = YES;
				SWIFT_VERSION = 5.0;
				TARGETED_DEVICE_FAMILY = "1,2";
			};
			name = Release;
		};
/* End XCBuildConfiguration section */

/* Begin XCConfigurationList section */
		5A2480DA2B84C4F20018AA57 /* Build configuration list for PBXProject "Dara" */ = {
			isa = XCConfigurationList;
			buildConfigurations = (
				5A2480F02B84C4F70018AA57 /* Debug */,
				5A2480F12B84C4F70018AA57 /* Release */,
			);
			defaultConfigurationIsVisible = 0;
			defaultConfigurationName = Release;
		};
		5A2480F22B84C4F70018AA57 /* Build configuration list for PBXNativeTarget "Dara" */ = {
			isa = XCConfigurationList;
			buildConfigurations = (
				5A2480F32B84C4F70018AA57 /* Debug */,
				5A2480F42B84C4F70018AA57 /* Release */,
			);
			defaultConfigurationIsVisible = 0;
			defaultConfigurationName = Release;
		};
/* End XCConfigurationList section */

/* Begin XCRemoteSwiftPackageReference section */
		5A5BDB972BE79C0F00465294 /* XCRemoteSwiftPackageReference "Alamofire" */ = {
			isa = XCRemoteSwiftPackageReference;
			repositoryURL = "https://github.com/Alamofire/Alamofire.git";
			requirement = {
				kind = upToNextMajorVersion;
				minimumVersion = 5.9.1;
			};
		};
		5A5BDB9C2BE79C2000465294 /* XCRemoteSwiftPackageReference "SVGKit" */ = {
			isa = XCRemoteSwiftPackageReference;
			repositoryURL = "https://github.com/SVGKit/SVGKit.git";
			requirement = {
				kind = upToNextMajorVersion;
				minimumVersion = 3.0.0;
			};
		};
		5A5BDBA12BE79C3000465294 /* XCRemoteSwiftPackageReference "SwiftfulRouting" */ = {
			isa = XCRemoteSwiftPackageReference;
			repositoryURL = "https://github.com/SwiftfulThinking/SwiftfulRouting";
			requirement = {
				kind = upToNextMajorVersion;
				minimumVersion = 5.3.2;
			};
		};
/* End XCRemoteSwiftPackageReference section */

/* Begin XCSwiftPackageProductDependency section */
		5A5BDB982BE79C0F00465294 /* Alamofire */ = {
			isa = XCSwiftPackageProductDependency;
			package = 5A5BDB972BE79C0F00465294 /* XCRemoteSwiftPackageReference "Alamofire" */;
			productName = Alamofire;
		};
		5A5BDB9D2BE79C2000465294 /* SVGKit */ = {
			isa = XCSwiftPackageProductDependency;
			package = 5A5BDB9C2BE79C2000465294 /* XCRemoteSwiftPackageReference "SVGKit" */;
			productName = SVGKit;
		};
		5A5BDB9F2BE79C2000465294 /* SVGKitSwift */ = {
			isa = XCSwiftPackageProductDependency;
			package = 5A5BDB9C2BE79C2000465294 /* XCRemoteSwiftPackageReference "SVGKit" */;
			productName = SVGKitSwift;
		};
		5A5BDBA22BE79C3000465294 /* SwiftfulRouting */ = {
			isa = XCSwiftPackageProductDependency;
			package = 5A5BDBA12BE79C3000465294 /* XCRemoteSwiftPackageReference "SwiftfulRouting" */;
			productName = SwiftfulRouting;
		};
/* End XCSwiftPackageProductDependency section */

/* Begin XCVersionGroup section */
		5A2480ED2B84C4F70018AA57 /* Dara.xcdatamodeld */ = {
			isa = XCVersionGroup;
			children = (
				5A2480EE2B84C4F70018AA57 /* Dara.xcdatamodel */,
			);
			currentVersion = 5A2480EE2B84C4F70018AA57 /* Dara.xcdatamodel */;
			path = Dara.xcdatamodeld;
			sourceTree = "<group>";
			versionGroupType = wrapper.xcdatamodel;
		};
/* End XCVersionGroup section */
	};
	rootObject = 5A2480D72B84C4F20018AA57 /* Project object */;
}
